Microsoft Visual Studio Solution File, Format Version 12.00
# Visual Studio Version 17
VisualStudioVersion = 17.8.0.0
MinimumVisualStudioVersion = 17.8.0.0
Project("{9A19103F-16F7-4668-BE54-9A1E7A4F7556}") = "AspNetCoreMultiAuth.AppHost", "src\AspNetCoreMultiAuth.AppHost\AspNetCoreMultiAuth.AppHost.csproj", "{99EBF5CF-F34D-4321-8515-A8A458845228}"
EndProject
Project("{9A19103F-16F7-4668-BE54-9A1E7A4F7556}") = "AspNetCoreMultiAuth.ServiceDefaults", "src\AspNetCoreMultiAuth.ServiceDefaults\AspNetCoreMultiAuth.ServiceDefaults.csproj", "{37535AEF-53DA-45EC-93FA-4D415ACD2E01}"
EndProject
Project("{9A19103F-16F7-4668-BE54-9A1E7A4F7556}") = "AspNetCoreMultiAuth.ApiService", "src\AspNetCoreMultiAuth.ApiService\AspNetCoreMultiAuth.ApiService.csproj", "{13F01FFC-DDA5-4A37-A636-719190086A3E}"
EndProject
Project("{2150E333-8FDC-42A3-9474-1A3956D46DE8}") = "src", "src", "{8D71DAB6-B13C-49D5-9899-564A814A59FE}"
EndProject
Project("{FAE04EC0-301F-11D3-BF4B-00C04F79EFBC}") = "AspNetCoreMultiAuth.IdentityServerA", "src\AspNetCoreMultiAuth.IdentityServerA\AspNetCoreMultiAuth.IdentityServerA.csproj", "{3EB64951-8065-4442-AD68-A1CCCCA8569F}"
EndProject
Project("{FAE04EC0-301F-11D3-BF4B-00C04F79EFBC}") = "AspNetCoreMultiAuth.IdentityServerB", "src\AspNetCoreMultiAuth.IdentityServerB\AspNetCoreMultiAuth.IdentityServerB.csproj", "{B2F8DDBE-99F3-4578-AC43-941164FA5DFF}"
EndProject
Project("{FAE04EC0-301F-11D3-BF4B-00C04F79EFBC}") = "AspNetCoreMultiAuth.CustomToken", "src\AspNetCoreMultiAuth.CustomToken\AspNetCoreMultiAuth.CustomToken.csproj", "{E613DC3D-B1C1-4A4E-AB0F-57BA60551CC3}"
EndProject
Global
	GlobalSection(SolutionConfigurationPlatforms) = preSolution
		Debug|Any CPU = Debug|Any CPU
		Release|Any CPU = Release|Any CPU
	EndGlobalSection
	GlobalSection(ProjectConfigurationPlatforms) = postSolution
		{99EBF5CF-F34D-4321-8515-A8A458845228}.Debug|Any CPU.ActiveCfg = Debug|Any CPU
		{99EBF5CF-F34D-4321-8515-A8A458845228}.Debug|Any CPU.Build.0 = Debug|Any CPU
		{99EBF5CF-F34D-4321-8515-A8A458845228}.Release|Any CPU.ActiveCfg = Release|Any CPU
		{99EBF5CF-F34D-4321-8515-A8A458845228}.Release|Any CPU.Build.0 = Release|Any CPU
		{37535AEF-53DA-45EC-93FA-4D415ACD2E01}.Debug|Any CPU.ActiveCfg = Debug|Any CPU
		{37535AEF-53DA-45EC-93FA-4D415ACD2E01}.Debug|Any CPU.Build.0 = Debug|Any CPU
		{37535AEF-53DA-45EC-93FA-4D415ACD2E01}.Release|Any CPU.ActiveCfg = Release|Any CPU
		{37535AEF-53DA-45EC-93FA-4D415ACD2E01}.Release|Any CPU.Build.0 = Release|Any CPU
		{13F01FFC-DDA5-4A37-A636-719190086A3E}.Debug|Any CPU.ActiveCfg = Debug|Any CPU
		{13F01FFC-DDA5-4A37-A636-719190086A3E}.Debug|Any CPU.Build.0 = Debug|Any CPU
		{13F01FFC-DDA5-4A37-A636-719190086A3E}.Release|Any CPU.ActiveCfg = Release|Any CPU
		{13F01FFC-DDA5-4A37-A636-719190086A3E}.Release|Any CPU.Build.0 = Release|Any CPU
		{3EB64951-8065-4442-AD68-A1CCCCA8569F}.Debug|Any CPU.ActiveCfg = Debug|Any CPU
		{3EB64951-8065-4442-AD68-A1CCCCA8569F}.Debug|Any CPU.Build.0 = Debug|Any CPU
		{3EB64951-8065-4442-AD68-A1CCCCA8569F}.Release|Any CPU.ActiveCfg = Release|Any CPU
		{3EB64951-8065-4442-AD68-A1CCCCA8569F}.Release|Any CPU.Build.0 = Release|Any CPU
		{B2F8DDBE-99F3-4578-AC43-941164FA5DFF}.Debug|Any CPU.ActiveCfg = Debug|Any CPU
		{B2F8DDBE-99F3-4578-AC43-941164FA5DFF}.Debug|Any CPU.Build.0 = Debug|Any CPU
		{B2F8DDBE-99F3-4578-AC43-941164FA5DFF}.Release|Any CPU.ActiveCfg = Release|Any CPU
		{B2F8DDBE-99F3-4578-AC43-941164FA5DFF}.Release|Any CPU.Build.0 = Release|Any CPU
		{E613DC3D-B1C1-4A4E-AB0F-57BA60551CC3}.Debug|Any CPU.ActiveCfg = Debug|Any CPU
		{E613DC3D-B1C1-4A4E-AB0F-57BA60551CC3}.Debug|Any CPU.Build.0 = Debug|Any CPU
		{E613DC3D-B1C1-4A4E-AB0F-57BA60551CC3}.Release|Any CPU.ActiveCfg = Release|Any CPU
		{E613DC3D-B1C1-4A4E-AB0F-57BA60551CC3}.Release|Any CPU.Build.0 = Release|Any CPU
	EndGlobalSection
	GlobalSection(SolutionProperties) = preSolution
		HideSolutionNode = FALSE
	EndGlobalSection
	GlobalSection(NestedProjects) = preSolution
		{99EBF5CF-F34D-4321-8515-A8A458845228} = {8D71DAB6-B13C-49D5-9899-564A814A59FE}
		{37535AEF-53DA-45EC-93FA-4D415ACD2E01} = {8D71DAB6-B13C-49D5-9899-564A814A59FE}
		{13F01FFC-DDA5-4A37-A636-719190086A3E} = {8D71DAB6-B13C-49D5-9899-564A814A59FE}
		{3EB64951-8065-4442-AD68-A1CCCCA8569F} = {8D71DAB6-B13C-49D5-9899-564A814A59FE}
		{B2F8DDBE-99F3-4578-AC43-941164FA5DFF} = {8D71DAB6-B13C-49D5-9899-564A814A59FE}
		{E613DC3D-B1C1-4A4E-AB0F-57BA60551CC3} = {8D71DAB6-B13C-49D5-9899-564A814A59FE}
	EndGlobalSection
	GlobalSection(ExtensibilityGlobals) = postSolution
		SolutionGuid = {440E70D0-AF16-4A6C-908D-CAE6B69BDE12}
	EndGlobalSection
EndGlobal
